// !$*UTF8*$!
{
	archiveVersion = 1;
	classes = {
	};
	objectVersion = 46;
	objects = {

/* Begin PBXBuildFile section */
		2DF29563152E3E5F00969127 /* UIKit.framework in Frameworks */ = {isa = PBXBuildFile; fileRef = 2DF29562152E3E5F00969127 /* UIKit.framework */; };
		2DF29565152E3E5F00969127 /* Foundation.framework in Frameworks */ = {isa = PBXBuildFile; fileRef = 2DF29564152E3E5F00969127 /* Foundation.framework */; };
		2DF29567152E3E5F00969127 /* CoreGraphics.framework in Frameworks */ = {isa = PBXBuildFile; fileRef = 2DF29566152E3E5F00969127 /* CoreGraphics.framework */; };
		2DF2956D152E3E5F00969127 /* InfoPlist.strings in Resources */ = {isa = PBXBuildFile; fileRef = 2DF2956B152E3E5F00969127 /* InfoPlist.strings */; };
		2DF2956F152E3E5F00969127 /* main.m in Sources */ = {isa = PBXBuildFile; fileRef = 2DF2956E152E3E5F00969127 /* main.m */; };
		2DF29573152E3E5F00969127 /* SBAppDelegate.m in Sources */ = {isa = PBXBuildFile; fileRef = 2DF29572152E3E5F00969127 /* SBAppDelegate.m */; };
		2DF29576152E3E5F00969127 /* SBViewController.m in Sources */ = {isa = PBXBuildFile; fileRef = 2DF29575152E3E5F00969127 /* SBViewController.m */; };
		2DF29579152E3E5F00969127 /* SBViewController.xib in Resources */ = {isa = PBXBuildFile; fileRef = 2DF29577152E3E5F00969127 /* SBViewController.xib */; };
		2DF29581152E3EA500969127 /* Canvas.m in Sources */ = {isa = PBXBuildFile; fileRef = 2DF29580152E3EA500969127 /* Canvas.m */; };
		3D49594319434FCF009A7B02 /* QuartzCore.framework in Frameworks */ = {isa = PBXBuildFile; fileRef = 3D49594219434FCF009A7B02 /* QuartzCore.framework */; };
		3D49596919434FE6009A7B02 /* ColorButton.m in Sources */ = {isa = PBXBuildFile; fileRef = 3D49594619434FE6009A7B02 /* ColorButton.m */; };
		3D49596A19434FE6009A7B02 /* ColorViewController.m in Sources */ = {isa = PBXBuildFile; fileRef = 3D49594819434FE6009A7B02 /* ColorViewController.m */; };
		3D49596B19434FE6009A7B02 /* ColorPopoverLocalizable.strings in Resources */ = {isa = PBXBuildFile; fileRef = 3D49594919434FE6009A7B02 /* ColorPopoverLocalizable.strings */; };
		3D49596C19434FE6009A7B02 /* GzColors.m in Sources */ = {isa = PBXBuildFile; fileRef = 3D49594C19434FE6009A7B02 /* GzColors.m */; };
		3D49596D19434FE6009A7B02 /* UIBarButtonItem+WEPopover.m in Sources */ = {isa = PBXBuildFile; fileRef = 3D49594F19434FE6009A7B02 /* UIBarButtonItem+WEPopover.m */; };
		3D49596E19434FE6009A7B02 /* WEPopoverContainerView.m in Sources */ = {isa = PBXBuildFile; fileRef = 3D49595119434FE6009A7B02 /* WEPopoverContainerView.m */; };
		3D49596F19434FE6009A7B02 /* WEPopoverController.m in Sources */ = {isa = PBXBuildFile; fileRef = 3D49595319434FE6009A7B02 /* WEPopoverController.m */; };
		3D49597019434FE6009A7B02 /* WETouchableView.m in Sources */ = {isa = PBXBuildFile; fileRef = 3D49595619434FE6009A7B02 /* WETouchableView.m */; };
		3D49597119434FE6009A7B02 /* cache2.png in Resources */ = {isa = PBXBuildFile; fileRef = 3D49595819434FE6009A7B02 /* cache2.png */; };
		3D49597219434FE6009A7B02 /* popoverArrowDown.png in Resources */ = {isa = PBXBuildFile; fileRef = 3D49595919434FE6009A7B02 /* popoverArrowDown.png */; };
		3D49597319434FE6009A7B02 /* popoverArrowDown@2x.png in Resources */ = {isa = PBXBuildFile; fileRef = 3D49595A19434FE6009A7B02 /* popoverArrowDown@2x.png */; };
		3D49597419434FE6009A7B02 /* popoverArrowDownSimple.png in Resources */ = {isa = PBXBuildFile; fileRef = 3D49595B19434FE6009A7B02 /* popoverArrowDownSimple.png */; };
		3D49597519434FE6009A7B02 /* popoverArrowLeft.png in Resources */ = {isa = PBXBuildFile; fileRef = 3D49595C19434FE6009A7B02 /* popoverArrowLeft.png */; };
		3D49597619434FE6009A7B02 /* popoverArrowLeft@2x.png in Resources */ = {isa = PBXBuildFile; fileRef = 3D49595D19434FE6009A7B02 /* popoverArrowLeft@2x.png */; };
		3D49597719434FE6009A7B02 /* popoverArrowLeftSimple.png in Resources */ = {isa = PBXBuildFile; fileRef = 3D49595E19434FE6009A7B02 /* popoverArrowLeftSimple.png */; };
		3D49597819434FE6009A7B02 /* popoverArrowRight.png in Resources */ = {isa = PBXBuildFile; fileRef = 3D49595F19434FE6009A7B02 /* popoverArrowRight.png */; };
		3D49597919434FE6009A7B02 /* popoverArrowRight@2x.png in Resources */ = {isa = PBXBuildFile; fileRef = 3D49596019434FE6009A7B02 /* popoverArrowRight@2x.png */; };
		3D49597A19434FE6009A7B02 /* popoverArrowRightSimple.png in Resources */ = {isa = PBXBuildFile; fileRef = 3D49596119434FE6009A7B02 /* popoverArrowRightSimple.png */; };
		3D49597B19434FE6009A7B02 /* popoverArrowUp.png in Resources */ = {isa = PBXBuildFile; fileRef = 3D49596219434FE6009A7B02 /* popoverArrowUp.png */; };
		3D49597C19434FE6009A7B02 /* popoverArrowUp@2x.png in Resources */ = {isa = PBXBuildFile; fileRef = 3D49596319434FE6009A7B02 /* popoverArrowUp@2x.png */; };
		3D49597D19434FE6009A7B02 /* popoverArrowUpSimple.png in Resources */ = {isa = PBXBuildFile; fileRef = 3D49596419434FE6009A7B02 /* popoverArrowUpSimple.png */; };
		3D49597E19434FE6009A7B02 /* popoverBg.png in Resources */ = {isa = PBXBuildFile; fileRef = 3D49596519434FE6009A7B02 /* popoverBg.png */; };
		3D49597F19434FE6009A7B02 /* popoverBg@2x.png in Resources */ = {isa = PBXBuildFile; fileRef = 3D49596619434FE6009A7B02 /* popoverBg@2x.png */; };
		3D49598019434FE6009A7B02 /* popoverBgSimple.png in Resources */ = {isa = PBXBuildFile; fileRef = 3D49596719434FE6009A7B02 /* popoverBgSimple.png */; };
		3D49598119434FE6009A7B02 /* README in Resources */ = {isa = PBXBuildFile; fileRef = 3D49596819434FE6009A7B02 /* README */; };
		3D49599C19435E2F009A7B02 /* b.png in Resources */ = {isa = PBXBuildFile; fileRef = 3D49598619435E2F009A7B02 /* b.png */; };
		3D49599D19435E2F009A7B02 /* Black.png in Resources */ = {isa = PBXBuildFile; fileRef = 3D49598719435E2F009A7B02 /* Black.png */; };
		3D49599E19435E2F009A7B02 /* Blue.png in Resources */ = {isa = PBXBuildFile; fileRef = 3D49598819435E2F009A7B02 /* Blue.png */; };
		3D49599F19435E2F009A7B02 /* Brown.png in Resources */ = {isa = PBXBuildFile; fileRef = 3D49598919435E2F009A7B02 /* Brown.png */; };
		3D4959A019435E2F009A7B02 /* Custom-Color.png in Resources */ = {isa = PBXBuildFile; fileRef = 3D49598A19435E2F009A7B02 /* Custom-Color.png */; };
		3D4959A119435E2F009A7B02 /* DarkGreen.png in Resources */ = {isa = PBXBuildFile; fileRef = 3D49598B19435E2F009A7B02 /* DarkGreen.png */; };
		3D4959A219435E2F009A7B02 /* DarkOrange.png in Resources */ = {isa = PBXBuildFile; fileRef = 3D49598C19435E2F009A7B02 /* DarkOrange.png */; };
		3D4959A319435E2F009A7B02 /* Eraser.png in Resources */ = {isa = PBXBuildFile; fileRef = 3D49598D19435E2F009A7B02 /* Eraser.png */; };
		3D4959A419435E2F009A7B02 /* g.png in Resources */ = {isa = PBXBuildFile; fileRef = 3D49598E19435E2F009A7B02 /* g.png */; };
		3D4959A519435E2F009A7B02 /* Grey.png in Resources */ = {isa = PBXBuildFile; fileRef = 3D49598F19435E2F009A7B02 /* Grey.png */; };
		3D4959A619435E2F009A7B02 /* LightBlue.png in Resources */ = {isa = PBXBuildFile; fileRef = 3D49599019435E2F009A7B02 /* LightBlue.png */; };
		3D4959A719435E2F009A7B02 /* LightGreen.png in Resources */ = {isa = PBXBuildFile; fileRef = 3D49599119435E2F009A7B02 /* LightGreen.png */; };
		3D4959A819435E2F009A7B02 /* Opacity.png in Resources */ = {isa = PBXBuildFile; fileRef = 3D49599219435E2F009A7B02 /* Opacity.png */; };
		3D4959A919435E2F009A7B02 /* r.png in Resources */ = {isa = PBXBuildFile; fileRef = 3D49599319435E2F009A7B02 /* r.png */; };
		3D4959AA19435E2F009A7B02 /* Red.png in Resources */ = {isa = PBXBuildFile; fileRef = 3D49599419435E2F009A7B02 /* Red.png */; };
		3D4959AB19435E2F009A7B02 /* reset-Small.png in Resources */ = {isa = PBXBuildFile; fileRef = 3D49599519435E2F009A7B02 /* reset-Small.png */; };
		3D4959AC19435E2F009A7B02 /* Save-Small.png in Resources */ = {isa = PBXBuildFile; fileRef = 3D49599619435E2F009A7B02 /* Save-Small.png */; };
		3D4959AD19435E2F009A7B02 /* Setting-1.png in Resources */ = {isa = PBXBuildFile; fileRef = 3D49599719435E2F009A7B02 /* Setting-1.png */; };
		3D4959AE19435E2F009A7B02 /* Setting-2.png in Resources */ = {isa = PBXBuildFile; fileRef = 3D49599819435E2F009A7B02 /* Setting-2.png */; };
		3D4959AF19435E2F009A7B02 /* thickness.png in Resources */ = {isa = PBXBuildFile; fileRef = 3D49599919435E2F009A7B02 /* thickness.png */; };
		3D4959B019435E2F009A7B02 /* width.png in Resources */ = {isa = PBXBuildFile; fileRef = 3D49599A19435E2F009A7B02 /* width.png */; };
		3D4959B119435E2F009A7B02 /* Yellow.png in Resources */ = {isa = PBXBuildFile; fileRef = 3D49599B19435E2F009A7B02 /* Yellow.png */; };
/* End PBXBuildFile section */

/* Begin PBXFileReference section */
		2DF2955E152E3E5F00969127 /* Drawi.app */ = {isa = PBXFileReference; explicitFileType = wrapper.application; includeInIndex = 0; path = Drawi.app; sourceTree = BUILT_PRODUCTS_DIR; };
		2DF29562152E3E5F00969127 /* UIKit.framework */ = {isa = PBXFileReference; lastKnownFileType = wrapper.framework; name = UIKit.framework; path = System/Library/Frameworks/UIKit.framework; sourceTree = SDKROOT; };
		2DF29564152E3E5F00969127 /* Foundation.framework */ = {isa = PBXFileReference; lastKnownFileType = wrapper.framework; name = Foundation.framework; path = System/Library/Frameworks/Foundation.framework; sourceTree = SDKROOT; };
		2DF29566152E3E5F00969127 /* CoreGraphics.framework */ = {isa = PBXFileReference; lastKnownFileType = wrapper.framework; name = CoreGraphics.framework; path = System/Library/Frameworks/CoreGraphics.framework; sourceTree = SDKROOT; };
		2DF2956A152E3E5F00969127 /* Drawi-Info.plist */ = {isa = PBXFileReference; lastKnownFileType = text.plist.xml; path = "Drawi-Info.plist"; sourceTree = "<group>"; };
		2DF2956C152E3E5F00969127 /* en */ = {isa = PBXFileReference; lastKnownFileType = text.plist.strings; name = en; path = en.lproj/InfoPlist.strings; sourceTree = "<group>"; };
		2DF2956E152E3E5F00969127 /* main.m */ = {isa = PBXFileReference; lastKnownFileType = sourcecode.c.objc; path = main.m; sourceTree = "<group>"; };
		2DF29570152E3E5F00969127 /* Drawi-Prefix.pch */ = {isa = PBXFileReference; lastKnownFileType = sourcecode.c.h; path = "Drawi-Prefix.pch"; sourceTree = "<group>"; };
		2DF29571152E3E5F00969127 /* SBAppDelegate.h */ = {isa = PBXFileReference; lastKnownFileType = sourcecode.c.h; path = SBAppDelegate.h; sourceTree = "<group>"; };
		2DF29572152E3E5F00969127 /* SBAppDelegate.m */ = {isa = PBXFileReference; lastKnownFileType = sourcecode.c.objc; path = SBAppDelegate.m; sourceTree = "<group>"; };
		2DF29574152E3E5F00969127 /* SBViewController.h */ = {isa = PBXFileReference; lastKnownFileType = sourcecode.c.h; path = SBViewController.h; sourceTree = "<group>"; };
		2DF29575152E3E5F00969127 /* SBViewController.m */ = {isa = PBXFileReference; lastKnownFileType = sourcecode.c.objc; path = SBViewController.m; sourceTree = "<group>"; };
		2DF29578152E3E5F00969127 /* en */ = {isa = PBXFileReference; lastKnownFileType = file.xib; name = en; path = en.lproj/SBViewController.xib; sourceTree = "<group>"; };
		2DF2957F152E3EA500969127 /* Canvas.h */ = {isa = PBXFileReference; fileEncoding = 4; lastKnownFileType = sourcecode.c.h; path = Canvas.h; sourceTree = "<group>"; };
		2DF29580152E3EA500969127 /* Canvas.m */ = {isa = PBXFileReference; fileEncoding = 4; lastKnownFileType = sourcecode.c.objc; path = Canvas.m; sourceTree = "<group>"; };
		3D49594219434FCF009A7B02 /* QuartzCore.framework */ = {isa = PBXFileReference; lastKnownFileType = wrapper.framework; name = QuartzCore.framework; path = System/Library/Frameworks/QuartzCore.framework; sourceTree = SDKROOT; };
		3D49594519434FE6009A7B02 /* ColorButton.h */ = {isa = PBXFileReference; fileEncoding = 4; lastKnownFileType = sourcecode.c.h; path = ColorButton.h; sourceTree = "<group>"; };
		3D49594619434FE6009A7B02 /* ColorButton.m */ = {isa = PBXFileReference; fileEncoding = 4; lastKnownFileType = sourcecode.c.objc; path = ColorButton.m; sourceTree = "<group>"; };
		3D49594719434FE6009A7B02 /* ColorViewController.h */ = {isa = PBXFileReference; fileEncoding = 4; lastKnownFileType = sourcecode.c.h; path = ColorViewController.h; sourceTree = "<group>"; };
		3D49594819434FE6009A7B02 /* ColorViewController.m */ = {isa = PBXFileReference; fileEncoding = 4; lastKnownFileType = sourcecode.c.objc; path = ColorViewController.m; sourceTree = "<group>"; };
		3D49594A19434FE6009A7B02 /* en */ = {isa = PBXFileReference; lastKnownFileType = text.plist.strings; name = en; path = en.lproj/ColorPopoverLocalizable.strings; sourceTree = "<group>"; };
		3D49594B19434FE6009A7B02 /* GzColors.h */ = {isa = PBXFileReference; fileEncoding = 4; lastKnownFileType = sourcecode.c.h; path = GzColors.h; sourceTree = "<group>"; };
		3D49594C19434FE6009A7B02 /* GzColors.m */ = {isa = PBXFileReference; fileEncoding = 4; lastKnownFileType = sourcecode.c.objc; path = GzColors.m; sourceTree = "<group>"; };
		3D49594E19434FE6009A7B02 /* UIBarButtonItem+WEPopover.h */ = {isa = PBXFileReference; fileEncoding = 4; lastKnownFileType = sourcecode.c.h; path = "UIBarButtonItem+WEPopover.h"; sourceTree = "<group>"; };
		3D49594F19434FE6009A7B02 /* UIBarButtonItem+WEPopover.m */ = {isa = PBXFileReference; fileEncoding = 4; lastKnownFileType = sourcecode.c.objc; path = "UIBarButtonItem+WEPopover.m"; sourceTree = "<group>"; };
		3D49595019434FE6009A7B02 /* WEPopoverContainerView.h */ = {isa = PBXFileReference; fileEncoding = 4; lastKnownFileType = sourcecode.c.h; path = WEPopoverContainerView.h; sourceTree = "<group>"; };
		3D49595119434FE6009A7B02 /* WEPopoverContainerView.m */ = {isa = PBXFileReference; fileEncoding = 4; lastKnownFileType = sourcecode.c.objc; path = WEPopoverContainerView.m; sourceTree = "<group>"; };
		3D49595219434FE6009A7B02 /* WEPopoverController.h */ = {isa = PBXFileReference; fileEncoding = 4; lastKnownFileType = sourcecode.c.h; path = WEPopoverController.h; sourceTree = "<group>"; };
		3D49595319434FE6009A7B02 /* WEPopoverController.m */ = {isa = PBXFileReference; fileEncoding = 4; lastKnownFileType = sourcecode.c.objc; path = WEPopoverController.m; sourceTree = "<group>"; };
		3D49595419434FE6009A7B02 /* WEPopoverParentView.h */ = {isa = PBXFileReference; fileEncoding = 4; lastKnownFileType = sourcecode.c.h; path = WEPopoverParentView.h; sourceTree = "<group>"; };
		3D49595519434FE6009A7B02 /* WETouchableView.h */ = {isa = PBXFileReference; fileEncoding = 4; lastKnownFileType = sourcecode.c.h; path = WETouchableView.h; sourceTree = "<group>"; };
		3D49595619434FE6009A7B02 /* WETouchableView.m */ = {isa = PBXFileReference; fileEncoding = 4; lastKnownFileType = sourcecode.c.objc; path = WETouchableView.m; sourceTree = "<group>"; };
		3D49595819434FE6009A7B02 /* cache2.png */ = {isa = PBXFileReference; lastKnownFileType = image.png; path = cache2.png; sourceTree = "<group>"; };
		3D49595919434FE6009A7B02 /* popoverArrowDown.png */ = {isa = PBXFileReference; lastKnownFileType = image.png; path = popoverArrowDown.png; sourceTree = "<group>"; };
		3D49595A19434FE6009A7B02 /* popoverArrowDown@2x.png */ = {isa = PBXFileReference; lastKnownFileType = image.png; path = "popoverArrowDown@2x.png"; sourceTree = "<group>"; };
		3D49595B19434FE6009A7B02 /* popoverArrowDownSimple.png */ = {isa = PBXFileReference; lastKnownFileType = image.png; path = popoverArrowDownSimple.png; sourceTree = "<group>"; };
		3D49595C19434FE6009A7B02 /* popoverArrowLeft.png */ = {isa = PBXFileReference; lastKnownFileType = image.png; path = popoverArrowLeft.png; sourceTree = "<group>"; };
		3D49595D19434FE6009A7B02 /* popoverArrowLeft@2x.png */ = {isa = PBXFileReference; lastKnownFileType = image.png; path = "popoverArrowLeft@2x.png"; sourceTree = "<group>"; };
		3D49595E19434FE6009A7B02 /* popoverArrowLeftSimple.png */ = {isa = PBXFileReference; lastKnownFileType = image.png; path = popoverArrowLeftSimple.png; sourceTree = "<group>"; };
		3D49595F19434FE6009A7B02 /* popoverArrowRight.png */ = {isa = PBXFileReference; lastKnownFileType = image.png; path = popoverArrowRight.png; sourceTree = "<group>"; };
		3D49596019434FE6009A7B02 /* popoverArrowRight@2x.png */ = {isa = PBXFileReference; lastKnownFileType = image.png; path = "popoverArrowRight@2x.png"; sourceTree = "<group>"; };
		3D49596119434FE6009A7B02 /* popoverArrowRightSimple.png */ = {isa = PBXFileReference; lastKnownFileType = image.png; path = popoverArrowRightSimple.png; sourceTree = "<group>"; };
		3D49596219434FE6009A7B02 /* popoverArrowUp.png */ = {isa = PBXFileReference; lastKnownFileType = image.png; path = popoverArrowUp.png; sourceTree = "<group>"; };
		3D49596319434FE6009A7B02 /* popoverArrowUp@2x.png */ = {isa = PBXFileReference; lastKnownFileType = image.png; path = "popoverArrowUp@2x.png"; sourceTree = "<group>"; };
		3D49596419434FE6009A7B02 /* popoverArrowUpSimple.png */ = {isa = PBXFileReference; lastKnownFileType = image.png; path = popoverArrowUpSimple.png; sourceTree = "<group>"; };
		3D49596519434FE6009A7B02 /* popoverBg.png */ = {isa = PBXFileReference; lastKnownFileType = image.png; path = popoverBg.png; sourceTree = "<group>"; };
		3D49596619434FE6009A7B02 /* popoverBg@2x.png */ = {isa = PBXFileReference; lastKnownFileType = image.png; path = "popoverBg@2x.png"; sourceTree = "<group>"; };
		3D49596719434FE6009A7B02 /* popoverBgSimple.png */ = {isa = PBXFileReference; lastKnownFileType = image.png; path = popoverBgSimple.png; sourceTree = "<group>"; };
		3D49596819434FE6009A7B02 /* README */ = {isa = PBXFileReference; fileEncoding = 4; lastKnownFileType = text; path = README; sourceTree = "<group>"; };
		3D49598619435E2F009A7B02 /* b.png */ = {isa = PBXFileReference; lastKnownFileType = image.png; path = b.png; sourceTree = "<group>"; };
		3D49598719435E2F009A7B02 /* Black.png */ = {isa = PBXFileReference; lastKnownFileType = image.png; path = Black.png; sourceTree = "<group>"; };
		3D49598819435E2F009A7B02 /* Blue.png */ = {isa = PBXFileReference; lastKnownFileType = image.png; path = Blue.png; sourceTree = "<group>"; };
		3D49598919435E2F009A7B02 /* Brown.png */ = {isa = PBXFileReference; lastKnownFileType = image.png; path = Brown.png; sourceTree = "<group>"; };
		3D49598A19435E2F009A7B02 /* Custom-Color.png */ = {isa = PBXFileReference; lastKnownFileType = image.png; path = "Custom-Color.png"; sourceTree = "<group>"; };
		3D49598B19435E2F009A7B02 /* DarkGreen.png */ = {isa = PBXFileReference; lastKnownFileType = image.png; path = DarkGreen.png; sourceTree = "<group>"; };
		3D49598C19435E2F009A7B02 /* DarkOrange.png */ = {isa = PBXFileReference; lastKnownFileType = image.png; path = DarkOrange.png; sourceTree = "<group>"; };
		3D49598D19435E2F009A7B02 /* Eraser.png */ = {isa = PBXFileReference; lastKnownFileType = image.png; path = Eraser.png; sourceTree = "<group>"; };
		3D49598E19435E2F009A7B02 /* g.png */ = {isa = PBXFileReference; lastKnownFileType = image.png; path = g.png; sourceTree = "<group>"; };
		3D49598F19435E2F009A7B02 /* Grey.png */ = {isa = PBXFileReference; lastKnownFileType = image.png; path = Grey.png; sourceTree = "<group>"; };
		3D49599019435E2F009A7B02 /* LightBlue.png */ = {isa = PBXFileReference; lastKnownFileType = image.png; path = LightBlue.png; sourceTree = "<group>"; };
		3D49599119435E2F009A7B02 /* LightGreen.png */ = {isa = PBXFileReference; lastKnownFileType = image.png; path = LightGreen.png; sourceTree = "<group>"; };
		3D49599219435E2F009A7B02 /* Opacity.png */ = {isa = PBXFileReference; lastKnownFileType = image.png; path = Opacity.png; sourceTree = "<group>"; };
		3D49599319435E2F009A7B02 /* r.png */ = {isa = PBXFileReference; lastKnownFileType = image.png; path = r.png; sourceTree = "<group>"; };
		3D49599419435E2F009A7B02 /* Red.png */ = {isa = PBXFileReference; lastKnownFileType = image.png; path = Red.png; sourceTree = "<group>"; };
		3D49599519435E2F009A7B02 /* reset-Small.png */ = {isa = PBXFileReference; lastKnownFileType = image.png; path = "reset-Small.png"; sourceTree = "<group>"; };
		3D49599619435E2F009A7B02 /* Save-Small.png */ = {isa = PBXFileReference; lastKnownFileType = image.png; path = "Save-Small.png"; sourceTree = "<group>"; };
		3D49599719435E2F009A7B02 /* Setting-1.png */ = {isa = PBXFileReference; lastKnownFileType = image.png; path = "Setting-1.png"; sourceTree = "<group>"; };
		3D49599819435E2F009A7B02 /* Setting-2.png */ = {isa = PBXFileReference; lastKnownFileType = image.png; path = "Setting-2.png"; sourceTree = "<group>"; };
		3D49599919435E2F009A7B02 /* thickness.png */ = {isa = PBXFileReference; lastKnownFileType = image.png; path = thickness.png; sourceTree = "<group>"; };
		3D49599A19435E2F009A7B02 /* width.png */ = {isa = PBXFileReference; lastKnownFileType = image.png; path = width.png; sourceTree = "<group>"; };
		3D49599B19435E2F009A7B02 /* Yellow.png */ = {isa = PBXFileReference; lastKnownFileType = image.png; path = Yellow.png; sourceTree = "<group>"; };
/* End PBXFileReference section */

/* Begin PBXFrameworksBuildPhase section */
		2DF2955B152E3E5F00969127 /* Frameworks */ = {
			isa = PBXFrameworksBuildPhase;
			buildActionMask = 2147483647;
			files = (
				3D49594319434FCF009A7B02 /* QuartzCore.framework in Frameworks */,
				2DF29563152E3E5F00969127 /* UIKit.framework in Frameworks */,
				2DF29565152E3E5F00969127 /* Foundation.framework in Frameworks */,
				2DF29567152E3E5F00969127 /* CoreGraphics.framework in Frameworks */,
			);
			runOnlyForDeploymentPostprocessing = 0;
		};
/* End PBXFrameworksBuildPhase section */

/* Begin PBXGroup section */
		2DF29553152E3E5E00969127 = {
			isa = PBXGroup;
			children = (
				3D49594419434FE6009A7B02 /* ColorPopover */,
				2DF29568152E3E5F00969127 /* Drawi */,
				2DF29561152E3E5F00969127 /* Frameworks */,
				2DF2955F152E3E5F00969127 /* Products */,
			);
			sourceTree = "<group>";
		};
		2DF2955F152E3E5F00969127 /* Products */ = {
			isa = PBXGroup;
			children = (
				2DF2955E152E3E5F00969127 /* Drawi.app */,
			);
			name = Products;
			sourceTree = "<group>";
		};
		2DF29561152E3E5F00969127 /* Frameworks */ = {
			isa = PBXGroup;
			children = (
				3D49594219434FCF009A7B02 /* QuartzCore.framework */,
				2DF29562152E3E5F00969127 /* UIKit.framework */,
				2DF29564152E3E5F00969127 /* Foundation.framework */,
				2DF29566152E3E5F00969127 /* CoreGraphics.framework */,
			);
			name = Frameworks;
			sourceTree = "<group>";
		};
		2DF29568152E3E5F00969127 /* Drawi */ = {
			isa = PBXGroup;
			children = (
				2DF29571152E3E5F00969127 /* SBAppDelegate.h */,
				2DF29572152E3E5F00969127 /* SBAppDelegate.m */,
				2DF29574152E3E5F00969127 /* SBViewController.h */,
				2DF29575152E3E5F00969127 /* SBViewController.m */,
				2DF29577152E3E5F00969127 /* SBViewController.xib */,
				3D49598519435E2F009A7B02 /* Graphics */,
				2DF29569152E3E5F00969127 /* Supporting Files */,
				2DF2957F152E3EA500969127 /* Canvas.h */,
				2DF29580152E3EA500969127 /* Canvas.m */,
			);
			path = Drawi;
			sourceTree = "<group>";
		};
		2DF29569152E3E5F00969127 /* Supporting Files */ = {
			isa = PBXGroup;
			children = (
				2DF2956A152E3E5F00969127 /* Drawi-Info.plist */,
				2DF2956B152E3E5F00969127 /* InfoPlist.strings */,
				2DF2956E152E3E5F00969127 /* main.m */,
				2DF29570152E3E5F00969127 /* Drawi-Prefix.pch */,
			);
			name = "Supporting Files";
			sourceTree = "<group>";
		};
		3D49594419434FE6009A7B02 /* ColorPopover */ = {
			isa = PBXGroup;
			children = (
				3D49594519434FE6009A7B02 /* ColorButton.h */,
				3D49594619434FE6009A7B02 /* ColorButton.m */,
				3D49594719434FE6009A7B02 /* ColorViewController.h */,
				3D49594819434FE6009A7B02 /* ColorViewController.m */,
				3D49594919434FE6009A7B02 /* ColorPopoverLocalizable.strings */,
				3D49594B19434FE6009A7B02 /* GzColors.h */,
				3D49594C19434FE6009A7B02 /* GzColors.m */,
				3D49594D19434FE6009A7B02 /* Popover */,
				3D49595719434FE6009A7B02 /* popoverImages */,
			);
			name = ColorPopover;
			path = Drawi/ColorPopover;
			sourceTree = "<group>";
		};
		3D49594D19434FE6009A7B02 /* Popover */ = {
			isa = PBXGroup;
			children = (
				3D49594E19434FE6009A7B02 /* UIBarButtonItem+WEPopover.h */,
				3D49594F19434FE6009A7B02 /* UIBarButtonItem+WEPopover.m */,
				3D49595019434FE6009A7B02 /* WEPopoverContainerView.h */,
				3D49595119434FE6009A7B02 /* WEPopoverContainerView.m */,
				3D49595219434FE6009A7B02 /* WEPopoverController.h */,
				3D49595319434FE6009A7B02 /* WEPopoverController.m */,
				3D49595419434FE6009A7B02 /* WEPopoverParentView.h */,
				3D49595519434FE6009A7B02 /* WETouchableView.h */,
				3D49595619434FE6009A7B02 /* WETouchableView.m */,
			);
			path = Popover;
			sourceTree = "<group>";
		};
		3D49595719434FE6009A7B02 /* popoverImages */ = {
			isa = PBXGroup;
			children = (
				3D49595819434FE6009A7B02 /* cache2.png */,
				3D49595919434FE6009A7B02 /* popoverArrowDown.png */,
				3D49595A19434FE6009A7B02 /* popoverArrowDown@2x.png */,
				3D49595B19434FE6009A7B02 /* popoverArrowDownSimple.png */,
				3D49595C19434FE6009A7B02 /* popoverArrowLeft.png */,
				3D49595D19434FE6009A7B02 /* popoverArrowLeft@2x.png */,
				3D49595E19434FE6009A7B02 /* popoverArrowLeftSimple.png */,
				3D49595F19434FE6009A7B02 /* popoverArrowRight.png */,
				3D49596019434FE6009A7B02 /* popoverArrowRight@2x.png */,
				3D49596119434FE6009A7B02 /* popoverArrowRightSimple.png */,
				3D49596219434FE6009A7B02 /* popoverArrowUp.png */,
				3D49596319434FE6009A7B02 /* popoverArrowUp@2x.png */,
				3D49596419434FE6009A7B02 /* popoverArrowUpSimple.png */,
				3D49596519434FE6009A7B02 /* popoverBg.png */,
				3D49596619434FE6009A7B02 /* popoverBg@2x.png */,
				3D49596719434FE6009A7B02 /* popoverBgSimple.png */,
				3D49596819434FE6009A7B02 /* README */,
			);
			path = popoverImages;
			sourceTree = "<group>";
		};
		3D49598519435E2F009A7B02 /* Graphics */ = {
			isa = PBXGroup;
			children = (
				3D49598619435E2F009A7B02 /* b.png */,
				3D49598719435E2F009A7B02 /* Black.png */,
				3D49598819435E2F009A7B02 /* Blue.png */,
				3D49598919435E2F009A7B02 /* Brown.png */,
				3D49598A19435E2F009A7B02 /* Custom-Color.png */,
				3D49598B19435E2F009A7B02 /* DarkGreen.png */,
				3D49598C19435E2F009A7B02 /* DarkOrange.png */,
				3D49598D19435E2F009A7B02 /* Eraser.png */,
				3D49598E19435E2F009A7B02 /* g.png */,
				3D49598F19435E2F009A7B02 /* Grey.png */,
				3D49599019435E2F009A7B02 /* LightBlue.png */,
				3D49599119435E2F009A7B02 /* LightGreen.png */,
				3D49599219435E2F009A7B02 /* Opacity.png */,
				3D49599319435E2F009A7B02 /* r.png */,
				3D49599419435E2F009A7B02 /* Red.png */,
				3D49599519435E2F009A7B02 /* reset-Small.png */,
				3D49599619435E2F009A7B02 /* Save-Small.png */,
				3D49599719435E2F009A7B02 /* Setting-1.png */,
				3D49599819435E2F009A7B02 /* Setting-2.png */,
				3D49599919435E2F009A7B02 /* thickness.png */,
				3D49599A19435E2F009A7B02 /* width.png */,
				3D49599B19435E2F009A7B02 /* Yellow.png */,
			);
			path = Graphics;
			sourceTree = "<group>";
		};
/* End PBXGroup section */

/* Begin PBXNativeTarget section */
		2DF2955D152E3E5F00969127 /* Drawi */ = {
			isa = PBXNativeTarget;
			buildConfigurationList = 2DF2957C152E3E5F00969127 /* Build configuration list for PBXNativeTarget "Drawi" */;
			buildPhases = (
				2DF2955A152E3E5F00969127 /* Sources */,
				2DF2955B152E3E5F00969127 /* Frameworks */,
				2DF2955C152E3E5F00969127 /* Resources */,
			);
			buildRules = (
			);
			dependencies = (
			);
			name = Drawi;
			productName = Drawi;
			productReference = 2DF2955E152E3E5F00969127 /* Drawi.app */;
			productType = "com.apple.product-type.application";
		};
/* End PBXNativeTarget section */

/* Begin PBXProject section */
		2DF29555152E3E5E00969127 /* Project object */ = {
			isa = PBXProject;
			attributes = {
				LastUpgradeCheck = 0420;
			};
			buildConfigurationList = 2DF29558152E3E5E00969127 /* Build configuration list for PBXProject "Drawi" */;
			compatibilityVersion = "Xcode 3.2";
			developmentRegion = English;
			hasScannedForEncodings = 0;
			knownRegions = (
				en,
			);
			mainGroup = 2DF29553152E3E5E00969127;
			productRefGroup = 2DF2955F152E3E5F00969127 /* Products */;
			projectDirPath = "";
			projectRoot = "";
			targets = (
				2DF2955D152E3E5F00969127 /* Drawi */,
			);
		};
/* End PBXProject section */

/* Begin PBXResourcesBuildPhase section */
		2DF2955C152E3E5F00969127 /* Resources */ = {
			isa = PBXResourcesBuildPhase;
			buildActionMask = 2147483647;
			files = (
				3D49598119434FE6009A7B02 /* README in Resources */,
				3D49597D19434FE6009A7B02 /* popoverArrowUpSimple.png in Resources */,
				3D4959AC19435E2F009A7B02 /* Save-Small.png in Resources */,
				3D49597719434FE6009A7B02 /* popoverArrowLeftSimple.png in Resources */,
				3D4959A319435E2F009A7B02 /* Eraser.png in Resources */,
				3D49597519434FE6009A7B02 /* popoverArrowLeft.png in Resources */,
				2DF2956D152E3E5F00969127 /* InfoPlist.strings in Resources */,
				3D4959AA19435E2F009A7B02 /* Red.png in Resources */,
				3D4959A019435E2F009A7B02 /* Custom-Color.png in Resources */,
				2DF29579152E3E5F00969127 /* SBViewController.xib in Resources */,
				3D4959AD19435E2F009A7B02 /* Setting-1.png in Resources */,
				3D49599C19435E2F009A7B02 /* b.png in Resources */,
				3D4959A819435E2F009A7B02 /* Opacity.png in Resources */,
				3D49597819434FE6009A7B02 /* popoverArrowRight.png in Resources */,
				3D4959A719435E2F009A7B02 /* LightGreen.png in Resources */,
				3D49597919434FE6009A7B02 /* popoverArrowRight@2x.png in Resources */,
				3D49597E19434FE6009A7B02 /* popoverBg.png in Resources */,
				3D4959B119435E2F009A7B02 /* Yellow.png in Resources */,
				3D4959A519435E2F009A7B02 /* Grey.png in Resources */,
				3D49597319434FE6009A7B02 /* popoverArrowDown@2x.png in Resources */,
				3D49598019434FE6009A7B02 /* popoverBgSimple.png in Resources */,
				3D4959AF19435E2F009A7B02 /* thickness.png in Resources */,
				3D49599F19435E2F009A7B02 /* Brown.png in Resources */,
				3D4959A419435E2F009A7B02 /* g.png in Resources */,
				3D49596B19434FE6009A7B02 /* ColorPopoverLocalizable.strings in Resources */,
				3D49597219434FE6009A7B02 /* popoverArrowDown.png in Resources */,
				3D49597A19434FE6009A7B02 /* popoverArrowRightSimple.png in Resources */,
				3D4959A619435E2F009A7B02 /* LightBlue.png in Resources */,
				3D4959AE19435E2F009A7B02 /* Setting-2.png in Resources */,
				3D49597119434FE6009A7B02 /* cache2.png in Resources */,
				3D49597F19434FE6009A7B02 /* popoverBg@2x.png in Resources */,
				3D49599E19435E2F009A7B02 /* Blue.png in Resources */,
				3D49597619434FE6009A7B02 /* popoverArrowLeft@2x.png in Resources */,
				3D49597B19434FE6009A7B02 /* popoverArrowUp.png in Resources */,
				3D49597419434FE6009A7B02 /* popoverArrowDownSimple.png in Resources */,
				3D4959B019435E2F009A7B02 /* width.png in Resources */,
				3D4959A119435E2F009A7B02 /* DarkGreen.png in Resources */,
				3D49597C19434FE6009A7B02 /* popoverArrowUp@2x.png in Resources */,
				3D4959A219435E2F009A7B02 /* DarkOrange.png in Resources */,
				3D4959A919435E2F009A7B02 /* r.png in Resources */,
				3D49599D19435E2F009A7B02 /* Black.png in Resources */,
				3D4959AB19435E2F009A7B02 /* reset-Small.png in Resources */,
			);
			runOnlyForDeploymentPostprocessing = 0;
		};
/* End PBXResourcesBuildPhase section */

/* Begin PBXSourcesBuildPhase section */
		2DF2955A152E3E5F00969127 /* Sources */ = {
			isa = PBXSourcesBuildPhase;
			buildActionMask = 2147483647;
			files = (
				3D49596E19434FE6009A7B02 /* WEPopoverContainerView.m in Sources */,
				3D49597019434FE6009A7B02 /* WETouchableView.m in Sources */,
				2DF2956F152E3E5F00969127 /* main.m in Sources */,
				2DF29573152E3E5F00969127 /* SBAppDelegate.m in Sources */,
				3D49596F19434FE6009A7B02 /* WEPopoverController.m in Sources */,
				3D49596A19434FE6009A7B02 /* ColorViewController.m in Sources */,
				3D49596919434FE6009A7B02 /* ColorButton.m in Sources */,
				2DF29576152E3E5F00969127 /* SBViewController.m in Sources */,
				3D49596C19434FE6009A7B02 /* GzColors.m in Sources */,
				3D49596D19434FE6009A7B02 /* UIBarButtonItem+WEPopover.m in Sources */,
				2DF29581152E3EA500969127 /* Canvas.m in Sources */,
			);
			runOnlyForDeploymentPostprocessing = 0;
		};
/* End PBXSourcesBuildPhase section */

/* Begin PBXVariantGroup section */
		2DF2956B152E3E5F00969127 /* InfoPlist.strings */ = {
			isa = PBXVariantGroup;
			children = (
				2DF2956C152E3E5F00969127 /* en */,
			);
			name = InfoPlist.strings;
			sourceTree = "<group>";
		};
		2DF29577152E3E5F00969127 /* SBViewController.xib */ = {
			isa = PBXVariantGroup;
			children = (
				2DF29578152E3E5F00969127 /* en */,
			);
			name = SBViewController.xib;
			sourceTree = "<group>";
		};
		3D49594919434FE6009A7B02 /* ColorPopoverLocalizable.strings */ = {
			isa = PBXVariantGroup;
			children = (
				3D49594A19434FE6009A7B02 /* en */,
			);
			name = ColorPopoverLocalizable.strings;
			sourceTree = "<group>";
		};
/* End PBXVariantGroup section */

/* Begin XCBuildConfiguration section */
		2DF2957A152E3E5F00969127 /* Debug */ = {
			isa = XCBuildConfiguration;
			buildSettings = {
				ALWAYS_SEARCH_USER_PATHS = NO;
				ARCHS = "$(ARCHS_STANDARD_32_BIT)";
				CLANG_ENABLE_OBJC_ARC = YES;
				"CODE_SIGN_IDENTITY[sdk=iphoneos*]" = "iPhone Developer";
				COPY_PHASE_STRIP = NO;
				GCC_C_LANGUAGE_STANDARD = gnu99;
				GCC_DYNAMIC_NO_PIC = NO;
				GCC_OPTIMIZATION_LEVEL = 0;
				GCC_PREPROCESSOR_DEFINITIONS = (
					"DEBUG=1",
					"$(inherited)",
				);
				GCC_SYMBOLS_PRIVATE_EXTERN = NO;
				GCC_VERSION = com.apple.compilers.llvm.clang.1_0;
				GCC_WARN_ABOUT_MISSING_PROTOTYPES = YES;
				GCC_WARN_ABOUT_RETURN_TYPE = YES;
				GCC_WARN_UNUSED_VARIABLE = YES;
				IPHONEOS_DEPLOYMENT_TARGET = 5.0;
				SDKROOT = iphoneos;
			};
			name = Debug;
		};
		2DF2957B152E3E5F00969127 /* Release */ = {
			isa = XCBuildConfiguration;
			buildSettings = {
				ALWAYS_SEARCH_USER_PATHS = NO;
				ARCHS = "$(ARCHS_STANDARD_32_BIT)";
				CLANG_ENABLE_OBJC_ARC = YES;
				"CODE_SIGN_IDENTITY[sdk=iphoneos*]" = "iPhone Developer";
				COPY_PHASE_STRIP = YES;
				GCC_C_LANGUAGE_STANDARD = gnu99;
				GCC_VERSION = com.apple.compilers.llvm.clang.1_0;
				GCC_WARN_ABOUT_MISSING_PROTOTYPES = YES;
				GCC_WARN_ABOUT_RETURN_TYPE = YES;
				GCC_WARN_UNUSED_VARIABLE = YES;
				IPHONEOS_DEPLOYMENT_TARGET = 5.0;
				OTHER_CFLAGS = "-DNS_BLOCK_ASSERTIONS=1";
				SDKROOT = iphoneos;
				VALIDATE_PRODUCT = YES;
			};
			name = Release;
		};
		2DF2957D152E3E5F00969127 /* Debug */ = {
			isa = XCBuildConfiguration;
			buildSettings = {
				"CODE_SIGN_IDENTITY[sdk=iphoneos*]" = "";
				GCC_PRECOMPILE_PREFIX_HEADER = YES;
				GCC_PREFIX_HEADER = "Drawi/Drawi-Prefix.pch";
				INFOPLIST_FILE = "Drawi/Drawi-Info.plist";
				PRODUCT_NAME = "$(TARGET_NAME)";
				WRAPPER_EXTENSION = app;
			};
			name = Debug;
		};
		2DF2957E152E3E5F00969127 /* Release */ = {
			isa = XCBuildConfiguration;
			buildSettings = {
				"CODE_SIGN_IDENTITY[sdk=iphoneos*]" = "";
				GCC_PRECOMPILE_PREFIX_HEADER = YES;
				GCC_PREFIX_HEADER = "Drawi/Drawi-Prefix.pch";
				INFOPLIST_FILE = "Drawi/Drawi-Info.plist";
				PRODUCT_NAME = "$(TARGET_NAME)";
				WRAPPER_EXTENSION = app;
			};
			name = Release;
		};
/* End XCBuildConfiguration section */

/* Begin XCConfigurationList section */
		2DF29558152E3E5E00969127 /* Build configuration list for PBXProject "Drawi" */ = {
			isa = XCConfigurationList;
			buildConfigurations = (
				2DF2957A152E3E5F00969127 /* Debug */,
				2DF2957B152E3E5F00969127 /* Release */,
			);
			defaultConfigurationIsVisible = 0;
			defaultConfigurationName = Release;
		};
		2DF2957C152E3E5F00969127 /* Build configuration list for PBXNativeTarget "Drawi" */ = {
			isa = XCConfigurationList;
			buildConfigurations = (
				2DF2957D152E3E5F00969127 /* Debug */,
				2DF2957E152E3E5F00969127 /* Release */,
			);
			defaultConfigurationIsVisible = 0;
			defaultConfigurationName = Release;
		};
/* End XCConfigurationList section */
	};
	rootObject = 2DF29555152E3E5E00969127 /* Project object */;
}
